PODS:
  - Alamofire (4.8.2)
  - Alamofire-Synchronous (4.0.0):
    - Alamofire (~> 4.0)
  - AlamofireImage (3.5.2):
    - Alamofire (~> 4.8)
  - AlamofireOauth2 (2.0.1):
    - Alamofire
    - KeychainAccess
  - AvatarImageView (2.1.1)
  - BatteryView (1.3.7)
  - Bolts (1.9.0):
    - Bolts/AppLinks (= 1.9.0)
    - Bolts/Tasks (= 1.9.0)
  - Bolts/AppLinks (1.9.0):
    - Bolts/Tasks
  - Bolts/Tasks (1.9.0)
  - BubbleTransition (3.2.0)
  - Crashlytics (3.13.4):
    - Fabric (~> 1.10.2)
  - Fabric (1.10.2)
  - FacebookCore (0.4.0):
    - Bolts (~> 1.9)
    - FBSDKCoreKit (~> 4.36)
  - FacebookLogin (0.4.0):
    - Bolts (~> 1.9)
    - FacebookCore (~> 0.4)
    - FBSDKCoreKit (~> 4.36)
    - FBSDKLoginKit (~> 4.36)
  - FBSDKCoreKit (4.36.0):
    - Bolts (~> 1.7)
  - FBSDKLoginKit (4.36.0):
    - FBSDKCoreKit
  - Firebase/Auth (6.5.0):
    - Firebase/CoreOnly
    - FirebaseAuth (~> 6.2.1)
  - Firebase/Core (6.5.0):
    - Firebase/CoreOnly
    - FirebaseAnalytics (= 6.0.4)
  - Firebase/CoreOnly (6.5.0):
    - FirebaseCore (= 6.1.0)
  - Firebase/Database (6.5.0):
    - Firebase/CoreOnly
    - FirebaseDatabase (~> 6.0.0)
  - Firebase/Messaging (6.5.0):
    - Firebase/CoreOnly
    - FirebaseMessaging (~> 4.1.1)
  - Firebase/Storage (6.5.0):
    - Firebase/CoreOnly
    - FirebaseStorage (~> 3.4.0)
  - FirebaseAnalytics (6.0.4):
    - FirebaseCore (~> 6.1)
    - FirebaseInstanceID (~> 4.2)
    - GoogleAppMeasurement (= 6.0.4)
    - GoogleUtilities/AppDelegateSwizzler (~> 6.0)
    - GoogleUtilities/MethodSwizzler (~> 6.0)
    - GoogleUtilities/Network (~> 6.0)
    - "GoogleUtilities/NSData+zlib (~> 6.0)"
    - nanopb (~> 0.3)
  - FirebaseAnalyticsInterop (1.2.0)
  - FirebaseAuth (6.2.1):
    - FirebaseAuthInterop (~> 1.0)
    - FirebaseCore (~> 6.0)
    - GoogleUtilities/AppDelegateSwizzler (~> 6.2)
    - GoogleUtilities/Environment (~> 6.2)
    - GTMSessionFetcher/Core (~> 1.1)
  - FirebaseAuthInterop (1.0.0)
  - FirebaseCore (6.1.0):
    - GoogleUtilities/Environment (~> 6.0)
    - GoogleUtilities/Logger (~> 6.0)
  - FirebaseDatabase (6.0.0):
    - FirebaseAuthInterop (~> 1.0)
    - FirebaseCore (~> 6.0)
    - leveldb-library (~> 1.18)
  - FirebaseInstanceID (4.2.2):
    - FirebaseCore (~> 6.0)
    - GoogleUtilities/Environment (~> 6.0)
    - GoogleUtilities/UserDefaults (~> 6.0)
  - FirebaseMessaging (4.1.1):
    - FirebaseAnalyticsInterop (~> 1.1)
    - FirebaseCore (~> 6.0)
    - FirebaseInstanceID (~> 4.1)
    - GoogleUtilities/AppDelegateSwizzler (~> 6.2)
    - GoogleUtilities/Environment (~> 6.2)
    - GoogleUtilities/Reachability (~> 6.2)
    - GoogleUtilities/UserDefaults (~> 6.2)
    - Protobuf (~> 3.1)
  - FirebaseStorage (3.4.0):
    - FirebaseAuthInterop (~> 1.0)
    - FirebaseCore (~> 6.0)
    - GTMSessionFetcher/Core (~> 1.1)
  - GeoFire (3.0.0):
    - Firebase/Database (~> 6.0)
  - GoogleAnalytics (3.17.0)
  - GoogleAppMeasurement (6.0.4):
    - GoogleUtilities/AppDelegateSwizzler (~> 6.0)
    - GoogleUtilities/MethodSwizzler (~> 6.0)
    - GoogleUtilities/Network (~> 6.0)
    - "GoogleUtilities/NSData+zlib (~> 6.0)"
    - nanopb (~> 0.3)
  - GoogleMaps/Base (3.2.0)
  - GooglePlaces (3.2.0):
    - GoogleMaps/Base (= 3.2.0)
  - GoogleSignIn (4.4.0):
    - "GoogleToolboxForMac/NSDictionary+URLArguments (~> 2.1)"
    - "GoogleToolboxForMac/NSString+URLArguments (~> 2.1)"
    - GTMSessionFetcher/Core (~> 1.1)
  - GoogleToolboxForMac/DebugUtils (2.2.1):
    - GoogleToolboxForMac/Defines (= 2.2.1)
  - GoogleToolboxForMac/Defines (2.2.1)
  - "GoogleToolboxForMac/NSDictionary+URLArguments (2.2.1)":
    - GoogleToolboxForMac/DebugUtils (= 2.2.1)
    - GoogleToolboxForMac/Defines (= 2.2.1)
    - "GoogleToolboxForMac/NSString+URLArguments (= 2.2.1)"
  - "GoogleToolboxForMac/NSString+URLArguments (2.2.1)"
  - GoogleUtilities/AppDelegateSwizzler (6.2.3):
    - GoogleUtilities/Environment
    - GoogleUtilities/Logger
    - GoogleUtilities/Network
  - GoogleUtilities/Environment (6.2.3)
  - GoogleUtilities/Logger (6.2.3):
    - GoogleUtilities/Environment
  - GoogleUtilities/MethodSwizzler (6.2.3):
    - GoogleUtilities/Logger
  - GoogleUtilities/Network (6.2.3):
    - GoogleUtilities/Logger
    - "GoogleUtilities/NSData+zlib"
    - GoogleUtilities/Reachability
  - "GoogleUtilities/NSData+zlib (6.2.3)"
  - GoogleUtilities/Reachability (6.2.3):
    - GoogleUtilities/Logger
  - GoogleUtilities/UserDefaults (6.2.3):
    - GoogleUtilities/Logger
  - GTMSessionFetcher/Core (1.2.2)
  - IQDropDownTextField (1.1.1)
  - IQKeyboardManager (6.4.0)
  - KeychainAccess (3.2.0)
  - Kingfisher (4.9.0)
  - leveldb-library (1.20)
  - lottie-ios (2.5.0)
  - MaterialShowcase (0.6.0)
  - nanopb (0.3.901):
    - nanopb/decode (= 0.3.901)
    - nanopb/encode (= 0.3.901)
  - nanopb/decode (0.3.901)
  - nanopb/encode (0.3.901)
  - Protobuf (3.9.0)
  - RAMAnimatedTabBarController (3.5.0)
  - RAMPaperSwitch (2.1.0)
  - Realm (3.11.0):
    - Realm/Headers (= 3.11.0)
  - Realm/Headers (3.11.0)
  - RealmSwift (3.11.0):
    - Realm (= 3.11.0)
  - SDWebImage (4.4.7):
    - SDWebImage/Core (= 4.4.7)
  - SDWebImage/Core (4.4.7)
  - SkyFloatingLabelTextField (3.7.0)
  - SnapKit (4.2.0)
  - SVProgressHUD (2.2.5)
  - Toast-Swift (3.0.1)
  - TransitionButton (0.5.1)
  - ZAlertView (1.0.4)

DEPENDENCIES:
  - Alamofire (~> 4.0)
  - Alamofire-Synchronous (~> 4.0)
  - AlamofireImage (~> 3.1)
  - AlamofireOauth2
  - AvatarImageView (~> 2.1.0)
  - BatteryView
  - BubbleTransition
  - Crashlytics
  - FacebookCore (= 0.4)
  - FacebookLogin (= 0.4)
  - FBSDKCoreKit (= 4.36.0)
  - FBSDKLoginKit (= 4.36.0)
  - Firebase/Auth
  - Firebase/Core
  - Firebase/Messaging
  - Firebase/Storage
  - FirebaseCore
  - GeoFire (from `https://github.com/firebase/geofire-objc.git`)
  - GoogleAnalytics
  - GooglePlaces
  - GoogleSignIn
  - IQDropDownTextField
  - IQKeyboardManager
  - Kingfisher (~> 4.9.0)
  - lottie-ios (= 2.5.0)
  - MaterialShowcase (= 0.6.0)
  - RAMAnimatedTabBarController (~> 3.5.0)
  - RAMPaperSwitch (= 2.1.0)
  - Realm (= 3.11.0)
  - RealmSwift (= 3.11.0)
  - SDWebImage (~> 4.0)
  - SkyFloatingLabelTextField (~> 3.0)
  - SnapKit
  - SVProgressHUD
  - Toast-Swift (~> 3.0.1)
  - TransitionButton (= 0.5.1)
  - ZAlertView

SPEC REPOS:
  https://github.com/cocoapods/specs.git:
    - Alamofire
    - Alamofire-Synchronous
    - AlamofireImage
    - AlamofireOauth2
    - AvatarImageView
    - BatteryView
    - Bolts
    - BubbleTransition
    - Crashlytics
    - Fabric
    - FacebookCore
    - FacebookLogin
    - FBSDKCoreKit
    - FBSDKLoginKit
    - Firebase
    - FirebaseAnalytics
    - FirebaseAnalyticsInterop
    - FirebaseAuth
    - FirebaseAuthInterop
    - FirebaseCore
    - FirebaseDatabase
    - FirebaseInstanceID
    - FirebaseMessaging
    - FirebaseStorage
    - GoogleAnalytics
    - GoogleAppMeasurement
    - GoogleMaps
    - GooglePlaces
    - GoogleSignIn
    - GoogleToolboxForMac
    - GoogleUtilities
    - GTMSessionFetcher
    - IQDropDownTextField
    - IQKeyboardManager
    - KeychainAccess
    - Kingfisher
    - leveldb-library
    - lottie-ios
    - MaterialShowcase
    - nanopb
    - Protobuf
    - RAMAnimatedTabBarController
    - RAMPaperSwitch
    - Realm
    - RealmSwift
    - SDWebImage
    - SkyFloatingLabelTextField
    - SnapKit
    - SVProgressHUD
    - Toast-Swift
    - TransitionButton
    - ZAlertView

EXTERNAL SOURCES:
  GeoFire:
    :git: https://github.com/firebase/geofire-objc.git

CHECKOUT OPTIONS:
  GeoFire:
    :commit: 02f03b313b943bf0d28ff0871ce9176707e5916b
    :git: https://github.com/firebase/geofire-objc.git

SPEC CHECKSUMS:
  Alamofire: ae5c501addb7afdbb13687d7f2f722c78734c2d3
  Alamofire-Synchronous: eedf1e6e961c3795a63c74990b3f7d9fbfac7e50
  AlamofireImage: 63cfe3baf1370be6c498149687cf6db3e3b00999
  AlamofireOauth2: f3f58d52bdac4c0340181d32ae7d9eaa4c5ed84b
  AvatarImageView: 50618694f9ce37d07fd0250145e733b34197fb5b
  BatteryView: 0b64a15e9973931aa002e80e5fd7d8161bfa3e50
  Bolts: ac6567323eac61e203f6a9763667d0f711be34c8
  BubbleTransition: 2f112cc19772d9ab199bc850de92f5eb34744bce
  Crashlytics: 2dfd686bcb918dc10ee0e76f7f853fe42c7bd552
  Fabric: 706c8b8098fff96c33c0db69cbf81f9c551d0d74
  FacebookCore: 770e57cfe250a4de4458b682191c0ff062dee247
  FacebookLogin: eb0f2251aca835a94d70a5f7e580edc46d1e1603
  FBSDKCoreKit: 3b8e6570eedb443f9fc4af196a7bf39f18e3a3d8
  FBSDKLoginKit: 8bccb6064708ab2f4251a7fc4e3b6d8d00ad91ba
  Firebase: dedc9e48ea3f3649ad5f6b982f8a0c73508a14b5
  FirebaseAnalytics: 3fb375bc9d13779add4039716f868d233a473fad
  FirebaseAnalyticsInterop: efbe45c8385ec626e29f9525e5ebd38520dfb6c1
  FirebaseAuth: a06ad63e9bf4c86165b54cceb1c14d4f4c38d419
  FirebaseAuthInterop: 0ffa57668be100582bb7643d4fcb7615496c41fc
  FirebaseCore: aecf02fb2274ec361b9bebeac112f5daa18273bd
  FirebaseDatabase: f48e067716864be2b855cf716b927ef375d6cfa0
  FirebaseInstanceID: 662b8108a09fe9ed01aafdedba100fde8536b0f6
  FirebaseMessaging: 6bb0bdaf64c55fef7a219b7bb1e94e94a0855ced
  FirebaseStorage: 618dd8fd886b30adf6e5d1915b1f5c18cb5c3944
  GeoFire: 031e3501c42205339a58b38c05a39cb082aa9f30
  GoogleAnalytics: f42cc53a87a51fe94334821868d9c8481ff47a7b
  GoogleAppMeasurement: 183bd916af7f80deb67c01888368f1108d641832
  GoogleMaps: 5046d7edfe381c1a0b20fdaf293915a375c3122b
  GooglePlaces: 41bc2e480816b1234a48f4bec92e1c886f37cfe1
  GoogleSignIn: 7ff245e1a7b26d379099d3243a562f5747e23d39
  GoogleToolboxForMac: b3553629623a3b1bff17f555e736cd5a6d95ad55
  GoogleUtilities: d2b0e277a95962e09bb27f5cd42f5f0b6a506c7d
  GTMSessionFetcher: 61bb0f61a4cb560030f1222021178008a5727a23
  IQDropDownTextField: 3d2e5728a2b83ff5dbb14cb9b497a80005124cbe
  IQKeyboardManager: fcef267266379c003181fc3592f6bdb8bf4db839
  KeychainAccess: 3b1bf8a77eb4c6ea1ce9404c292e48f948954c6b
  Kingfisher: 64539b51826b778206daa6ed815d12653caa69dd
  leveldb-library: 08cba283675b7ed2d99629a4bc5fd052cd2bb6a5
  lottie-ios: d699fdee68d7b63e721d949388b015fef1aaa4ac
  MaterialShowcase: 95f68e3a6d3d7425cd9eb6b0cf98706b7667e8d6
  nanopb: 2901f78ea1b7b4015c860c2fdd1ea2fee1a18d48
  Protobuf: 1097ca58584c8d9be81bfbf2c5ff5975648dd87a
  RAMAnimatedTabBarController: 7e259e89b669c7bc833a6441c7d8fbfd6580f473
  RAMPaperSwitch: ef08af0400a040c9850e09253280deb77510becb
  Realm: 92f09a102692b96a9a10e9617f214f15c5ab85fc
  RealmSwift: 5f0481cd658bb751c509314b964a35eaa264d2cf
  SDWebImage: c10d14a8883ebd89664f02a422006f66a85c0c5d
  SkyFloatingLabelTextField: 4b46db0ab1ccde0919cded29c656e6b4805eda04
  SnapKit: fe8a619752f3f27075cc9a90244d75c6c3f27e2a
  SVProgressHUD: 1428aafac632c1f86f62aa4243ec12008d7a51d6
  Toast-Swift: ba0b01b095aada709d915f9beb1d38184a2721c3
  TransitionButton: 20f92b3cc726b047e4df200fdab5307f33395a81
  ZAlertView: 59fffdb4e37a01df461835566d5101052b8af953

PODFILE CHECKSUM: 5e5d7cec2ff80dbf3d18be71a61ae93c132e379d

COCOAPODS: 1.7.3
